// !$*UTF8*$!
{
	archiveVersion = 1;
	classes = {
	};
	objectVersion = 55;
	objects = {

/* Begin PBXBuildFile section */
		4EE6203EBB4D669E8661A986 /* Pods_hyperkycsample.framework in Frameworks */ = {isa = PBXBuildFile; fileRef = F297B4B86215BAF78B4CEE25 /* Pods_hyperkycsample.framework */; };
		AC32DC8A27E044EB00977F47 /* AppDelegate.swift in Sources */ = {isa = PBXBuildFile; fileRef = AC32DC8927E044EB00977F47 /* AppDelegate.swift */; };
		AC32DC8C27E044EB00977F47 /* SceneDelegate.swift in Sources */ = {isa = PBXBuildFile; fileRef = AC32DC8B27E044EB00977F47 /* SceneDelegate.swift */; };
		AC32DC8E27E044EB00977F47 /* ViewController.swift in Sources */ = {isa = PBXBuildFile; fileRef = AC32DC8D27E044EB00977F47 /* ViewController.swift */; };
		AC32DC9127E044EB00977F47 /* Main.storyboard in Resources */ = {isa = PBXBuildFile; fileRef = AC32DC8F27E044EB00977F47 /* Main.storyboard */; };
		AC32DC9327E044EC00977F47 /* Assets.xcassets in Resources */ = {isa = PBXBuildFile; fileRef = AC32DC9227E044EC00977F47 /* Assets.xcassets */; };
		AC32DC9627E044EC00977F47 /* LaunchScreen.storyboard in Resources */ = {isa = PBXBuildFile; fileRef = AC32DC9427E044EC00977F47 /* LaunchScreen.storyboard */; };
/* End PBXBuildFile section */

/* Begin PBXFileReference section */
		73FA51C606D4A119A0ADBAAF /* Pods-hyperkycsample.debug.xcconfig */ = {isa = PBXFileReference; includeInIndex = 1; lastKnownFileType = text.xcconfig; name = "Pods-hyperkycsample.debug.xcconfig"; path = "Target Support Files/Pods-hyperkycsample/Pods-hyperkycsample.debug.xcconfig"; sourceTree = "<group>"; };
		7AE9E66BECF37F3A9A98608A /* Pods-hyperkycsample.release.xcconfig */ = {isa = PBXFileReference; includeInIndex = 1; lastKnownFileType = text.xcconfig; name = "Pods-hyperkycsample.release.xcconfig"; path = "Target Support Files/Pods-hyperkycsample/Pods-hyperkycsample.release.xcconfig"; sourceTree = "<group>"; };
		AC32DC8627E044EB00977F47 /* hyperkycsample.app */ = {isa = PBXFileReference; explicitFileType = wrapper.application; includeInIndex = 0; path = hyperkycsample.app; sourceTree = BUILT_PRODUCTS_DIR; };
		AC32DC8927E044EB00977F47 /* AppDelegate.swift */ = {isa = PBXFileReference; lastKnownFileType = sourcecode.swift; path = AppDelegate.swift; sourceTree = "<group>"; };
		AC32DC8B27E044EB00977F47 /* SceneDelegate.swift */ = {isa = PBXFileReference; lastKnownFileType = sourcecode.swift; path = SceneDelegate.swift; sourceTree = "<group>"; };
		AC32DC8D27E044EB00977F47 /* ViewController.swift */ = {isa = PBXFileReference; indentWidth = 3; lastKnownFileType = sourcecode.swift; path = ViewController.swift; sourceTree = "<group>"; };
		AC32DC9027E044EB00977F47 /* Base */ = {isa = PBXFileReference; lastKnownFileType = file.storyboard; name = Base; path = Base.lproj/Main.storyboard; sourceTree = "<group>"; };
		AC32DC9227E044EC00977F47 /* Assets.xcassets */ = {isa = PBXFileReference; lastKnownFileType = folder.assetcatalog; path = Assets.xcassets; sourceTree = "<group>"; };
		AC32DC9527E044EC00977F47 /* Base */ = {isa = PBXFileReference; lastKnownFileType = file.storyboard; name = Base; path = Base.lproj/LaunchScreen.storyboard; sourceTree = "<group>"; };
		AC32DC9727E044EC00977F47 /* Info.plist */ = {isa = PBXFileReference; lastKnownFileType = text.plist.xml; path = Info.plist; sourceTree = "<group>"; };
		F297B4B86215BAF78B4CEE25 /* Pods_hyperkycsample.framework */ = {isa = PBXFileReference; explicitFileType = wrapper.framework; includeInIndex = 0; path = Pods_hyperkycsample.framework; sourceTree = BUILT_PRODUCTS_DIR; };
/* End PBXFileReference section */

/* Begin PBXFrameworksBuildPhase section */
		AC32DC8327E044EB00977F47 /* Frameworks */ = {
			isa = PBXFrameworksBuildPhase;
			buildActionMask = 2147483647;
			files = (
				4EE6203EBB4D669E8661A986 /* Pods_hyperkycsample.framework in Frameworks */,
			);
			runOnlyForDeploymentPostprocessing = 0;
		};
/* End PBXFrameworksBuildPhase section */

/* Begin PBXGroup section */
		3F9C9108E6BF179E3FC43532 /* Frameworks */ = {
			isa = PBXGroup;
			children = (
				F297B4B86215BAF78B4CEE25 /* Pods_hyperkycsample.framework */,
			);
			name = Frameworks;
			sourceTree = "<group>";
		};
		AC32DC7D27E044EB00977F47 = {
			isa = PBXGroup;
			children = (
				AC32DC8827E044EB00977F47 /* hyperkycsample */,
				AC32DC8727E044EB00977F47 /* Products */,
				FDF98FF150221FB945B3ADB7 /* Pods */,
				3F9C9108E6BF179E3FC43532 /* Frameworks */,
			);
			sourceTree = "<group>";
		};
		AC32DC8727E044EB00977F47 /* Products */ = {
			isa = PBXGroup;
			children = (
				AC32DC8627E044EB00977F47 /* hyperkycsample.app */,
			);
			name = Products;
			sourceTree = "<group>";
		};
		AC32DC8827E044EB00977F47 /* hyperkycsample */ = {
			isa = PBXGroup;
			children = (
				AC32DC8927E044EB00977F47 /* AppDelegate.swift */,
				AC32DC8B27E044EB00977F47 /* SceneDelegate.swift */,
				AC32DC8D27E044EB00977F47 /* ViewController.swift */,
				AC32DC8F27E044EB00977F47 /* Main.storyboard */,
				AC32DC9227E044EC00977F47 /* Assets.xcassets */,
				AC32DC9427E044EC00977F47 /* LaunchScreen.storyboard */,
				AC32DC9727E044EC00977F47 /* Info.plist */,
			);
			path = hyperkycsample;
			sourceTree = "<group>";
		};
		FDF98FF150221FB945B3ADB7 /* Pods */ = {
			isa = PBXGroup;
			children = (
				73FA51C606D4A119A0ADBAAF /* Pods-hyperkycsample.debug.xcconfig */,
				7AE9E66BECF37F3A9A98608A /* Pods-hyperkycsample.release.xcconfig */,
			);
			path = Pods;
			sourceTree = "<group>";
		};
/* End PBXGroup section */

/* Begin PBXNativeTarget section */
		AC32DC8527E044EB00977F47 /* hyperkycsample */ = {
			isa = PBXNativeTarget;
			buildConfigurationList = AC32DC9A27E044EC00977F47 /* Build configuration list for PBXNativeTarget "hyperkycsample" */;
			buildPhases = (
				E107BF90C5AE68F630CBC1E3 /* [CP] Check Pods Manifest.lock */,
				AC32DC8227E044EB00977F47 /* Sources */,
				AC32DC8327E044EB00977F47 /* Frameworks */,
				AC32DC8427E044EB00977F47 /* Resources */,
				3CC0BE1880719F9B805B4B60 /* [CP] Copy Pods Resources */,
			);
			buildRules = (
			);
			dependencies = (
			);
			name = hyperkycsample;
			productName = hyperkycsample;
			productReference = AC32DC8627E044EB00977F47 /* hyperkycsample.app */;
			productType = "com.apple.product-type.application";
		};
/* End PBXNativeTarget section */

/* Begin PBXProject section */
		AC32DC7E27E044EB00977F47 /* Project object */ = {
			isa = PBXProject;
			attributes = {
				BuildIndependentTargetsInParallel = 1;
				LastSwiftUpdateCheck = 1320;
				LastUpgradeCheck = 1320;
				TargetAttributes = {
					AC32DC8527E044EB00977F47 = {
						CreatedOnToolsVersion = 13.2.1;
					};
				};
			};
			buildConfigurationList = AC32DC8127E044EB00977F47 /* Build configuration list for PBXProject "hyperkycsample" */;
			compatibilityVersion = "Xcode 13.0";
			developmentRegion = en;
			hasScannedForEncodings = 0;
			knownRegions = (
				en,
				Base,
			);
			mainGroup = AC32DC7D27E044EB00977F47;
			productRefGroup = AC32DC8727E044EB00977F47 /* Products */;
			projectDirPath = "";
			projectRoot = "";
			targets = (
				AC32DC8527E044EB00977F47 /* hyperkycsample */,
			);
		};
/* End PBXProject section */

/* Begin PBXResourcesBuildPhase section */
		AC32DC8427E044EB00977F47 /* Resources */ = {
			isa = PBXResourcesBuildPhase;
			buildActionMask = 2147483647;
			files = (
				AC32DC9627E044EC00977F47 /* LaunchScreen.storyboard in Resources */,
				AC32DC9327E044EC00977F47 /* Assets.xcassets in Resources */,
				AC32DC9127E044EB00977F47 /* Main.storyboard in Resources */,
			);
			runOnlyForDeploymentPostprocessing = 0;
		};
/* End PBXResourcesBuildPhase section */

/* Begin PBXShellScriptBuildPhase section */
		3CC0BE1880719F9B805B4B60 /* [CP] Copy Pods Resources */ = {
			isa = PBXShellScriptBuildPhase;
			buildActionMask = 2147483647;
			files = (
			);
			inputFileListPaths = (
				"${PODS_ROOT}/Target Support Files/Pods-hyperkycsample/Pods-hyperkycsample-resources-${CONFIGURATION}-input-files.xcfilelist",
			);
			name = "[CP] Copy Pods Resources";
			outputFileListPaths = (
				"${PODS_ROOT}/Target Support Files/Pods-hyperkycsample/Pods-hyperkycsample-resources-${CONFIGURATION}-output-files.xcfilelist",
			);
			runOnlyForDeploymentPostprocessing = 0;
			shellPath = /bin/sh;
			shellScript = "\"${PODS_ROOT}/Target Support Files/Pods-hyperkycsample/Pods-hyperkycsample-resources.sh\"\n";
			showEnvVarsInLog = 0;
		};
		E107BF90C5AE68F630CBC1E3 /* [CP] Check Pods Manifest.lock */ = {
			isa = PBXShellScriptBuildPhase;
			buildActionMask = 2147483647;
			files = (
			);
			inputFileListPaths = (
			);
			inputPaths = (
				"${PODS_PODFILE_DIR_PATH}/Podfile.lock",
				"${PODS_ROOT}/Manifest.lock",
			);
			name = "[CP] Check Pods Manifest.lock";
			outputFileListPaths = (
			);
			outputPaths = (
				"$(DERIVED_FILE_DIR)/Pods-hyperkycsample-checkManifestLockResult.txt",
			);
			runOnlyForDeploymentPostprocessing = 0;
			shellPath = /bin/sh;
			shellScript = "diff \"${PODS_PODFILE_DIR_PATH}/Podfile.lock\" \"${PODS_ROOT}/Manifest.lock\" > /dev/null\nif [ $? != 0 ] ; then\n    # print error to STDERR\n    echo \"error: The sandbox is not in sync with the Podfile.lock. Run 'pod install' or update your CocoaPods installation.\" >&2\n    exit 1\nfi\n# This output is used by Xcode 'outputs' to avoid re-running this script phase.\necho \"SUCCESS\" > \"${SCRIPT_OUTPUT_FILE_0}\"\n";
			showEnvVarsInLog = 0;
		};
/* End PBXShellScriptBuildPhase section */

/* Begin PBXSourcesBuildPhase section */
		AC32DC8227E044EB00977F47 /* Sources */ = {
			isa = PBXSourcesBuildPhase;
			buildActionMask = 2147483647;
			files = (
				AC32DC8E27E044EB00977F47 /* ViewController.swift in Sources */,
				AC32DC8A27E044EB00977F47 /* AppDelegate.swift in Sources */,
				AC32DC8C27E044EB00977F47 /* SceneDelegate.swift in Sources */,
			);
			runOnlyForDeploymentPostprocessing = 0;
		};
/* End PBXSourcesBuildPhase section */

/* Begin PBXVariantGroup section */
		AC32DC8F27E044EB00977F47 /* Main.storyboard */ = {
			isa = PBXVariantGroup;
			children = (
				AC32DC9027E044EB00977F47 /* Base */,
			);
			name = Main.storyboard;
			sourceTree = "<group>";
		};
		AC32DC9427E044EC00977F47 /* LaunchScreen.storyboard */ = {
			isa = PBXVariantGroup;
			children = (
				AC32DC9527E044EC00977F47 /* Base */,
			);
			name = LaunchScreen.storyboard;
			sourceTree = "<group>";
		};
/* End PBXVariantGroup section */

/* Begin XCBuildConfiguration section */
		AC32DC9827E044EC00977F47 /* Debug */ = {
			isa = XCBuildConfiguration;
			buildSettings = {
				ALWAYS_SEARCH_USER_PATHS = NO;
				CLANG_ANALYZER_NONNULL = YES;
				CLANG_ANALYZER_NUMBER_OBJECT_CONVERSION = YES_AGGRESSIVE;
				CLANG_CXX_LANGUAGE_STANDARD = "gnu++17";
				CLANG_CXX_LIBRARY = "libc++";
				CLANG_ENABLE_MODULES = YES;
				CLANG_ENABLE_OBJC_ARC = YES;
				CLANG_ENABLE_OBJC_WEAK = YES;
				CLANG_WARN_BLOCK_CAPTURE_AUTORELEASING = YES;
				CLANG_WARN_BOOL_CONVERSION = YES;
				CLANG_WARN_COMMA = YES;
				CLANG_WARN_CONSTANT_CONVERSION = YES;
				CLANG_WARN_DEPRECATED_OBJC_IMPLEMENTATIONS = YES;
				CLANG_WARN_DIRECT_OBJC_ISA_USAGE = YES_ERROR;
				CLANG_WARN_DOCUMENTATION_COMMENTS = YES;
				CLANG_WARN_EMPTY_BODY = YES;
				CLANG_WARN_ENUM_CONVERSION = YES;
				CLANG_WARN_INFINITE_RECURSION = YES;
				CLANG_WARN_INT_CONVERSION = YES;
				CLANG_WARN_NON_LITERAL_NULL_CONVERSION = YES;
				CLANG_WARN_OBJC_IMPLICIT_RETAIN_SELF = YES;
				CLANG_WARN_OBJC_LITERAL_CONVERSION = YES;
				CLANG_WARN_OBJC_ROOT_CLASS = YES_ERROR;
				CLANG_WARN_QUOTED_INCLUDE_IN_FRAMEWORK_HEADER = YES;
				CLANG_WARN_RANGE_LOOP_ANALYSIS = YES;
				CLANG_WARN_STRICT_PROTOTYPES = YES;
				CLANG_WARN_SUSPICIOUS_MOVE = YES;
				CLANG_WARN_UNGUARDED_AVAILABILITY = YES_AGGRESSIVE;
				CLANG_WARN_UNREACHABLE_CODE = YES;
				CLANG_WARN__DUPLICATE_METHOD_MATCH = YES;
				COPY_PHASE_STRIP = NO;
				DEBUG_INFORMATION_FORMAT = dwarf;
				ENABLE_STRICT_OBJC_MSGSEND = YES;
				ENABLE_TESTABILITY = YES;
				GCC_C_LANGUAGE_STANDARD = gnu11;
				GCC_DYNAMIC_NO_PIC = NO;
				GCC_NO_COMMON_BLOCKS = YES;
				GCC_OPTIMIZATION_LEVEL = 0;
				GCC_PREPROCESSOR_DEFINITIONS = (
					"DEBUG=1",
					"$(inherited)",
				);
				GCC_WARN_64_TO_32_BIT_CONVERSION = YES;
				GCC_WARN_ABOUT_RETURN_TYPE = YES_ERROR;
				GCC_WARN_UNDECLARED_SELECTOR = YES;
				GCC_WARN_UNINITIALIZED_AUTOS = YES_AGGRESSIVE;
				GCC_WARN_UNUSED_FUNCTION = YES;
				GCC_WARN_UNUSED_VARIABLE = YES;
				IPHONEOS_DEPLOYMENT_TARGET = 15.2;
				MTL_ENABLE_DEBUG_INFO = INCLUDE_SOURCE;
				MTL_FAST_MATH = YES;
				ONLY_ACTIVE_ARCH = YES;
				SDKROOT = iphoneos;
				SWIFT_ACTIVE_COMPILATION_CONDITIONS = DEBUG;
				SWIFT_OPTIMIZATION_LEVEL = "-Onone";
			};
			name = Debug;
		};
		AC32DC9927E044EC00977F47 /* Release */ = {
			isa = XCBuildConfiguration;
			buildSettings = {
				ALWAYS_SEARCH_USER_PATHS = NO;
				CLANG_ANALYZER_NONNULL = YES;
				CLANG_ANALYZER_NUMBER_OBJECT_CONVERSION = YES_AGGRESSIVE;
				CLANG_CXX_LANGUAGE_STANDARD = "gnu++17";
				CLANG_CXX_LIBRARY = "libc++";
				CLANG_ENABLE_MODULES = YES;
				CLANG_ENABLE_OBJC_ARC = YES;
				CLANG_ENABLE_OBJC_WEAK = YES;
				CLANG_WARN_BLOCK_CAPTURE_AUTORELEASING = YES;
				CLANG_WARN_BOOL_CONVERSION = YES;
				CLANG_WARN_COMMA = YES;
				CLANG_WARN_CONSTANT_CONVERSION = YES;
				CLANG_WARN_DEPRECATED_OBJC_IMPLEMENTATIONS = YES;
				CLANG_WARN_DIRECT_OBJC_ISA_USAGE = YES_ERROR;
				CLANG_WARN_DOCUMENTATION_COMMENTS = YES;
				CLANG_WARN_EMPTY_BODY = YES;
				CLANG_WARN_ENUM_CONVERSION = YES;
				CLANG_WARN_INFINITE_RECURSION = YES;
				CLANG_WARN_INT_CONVERSION = YES;
				CLANG_WARN_NON_LITERAL_NULL_CONVERSION = YES;
				CLANG_WARN_OBJC_IMPLICIT_RETAIN_SELF = YES;
				CLANG_WARN_OBJC_LITERAL_CONVERSION = YES;
				CLANG_WARN_OBJC_ROOT_CLASS = YES_ERROR;
				CLANG_WARN_QUOTED_INCLUDE_IN_FRAMEWORK_HEADER = YES;
				CLANG_WARN_RANGE_LOOP_ANALYSIS = YES;
				CLANG_WARN_STRICT_PROTOTYPES = YES;
				CLANG_WARN_SUSPICIOUS_MOVE = YES;
				CLANG_WARN_UNGUARDED_AVAILABILITY = YES_AGGRESSIVE;
				CLANG_WARN_UNREACHABLE_CODE = YES;
				CLANG_WARN__DUPLICATE_METHOD_MATCH = YES;
				COPY_PHASE_STRIP = NO;
				DEBUG_INFORMATION_FORMAT = "dwarf-with-dsym";
				ENABLE_NS_ASSERTIONS = NO;
				ENABLE_STRICT_OBJC_MSGSEND = YES;
				GCC_C_LANGUAGE_STANDARD = gnu11;
				GCC_NO_COMMON_BLOCKS = YES;
				GCC_WARN_64_TO_32_BIT_CONVERSION = YES;
				GCC_WARN_ABOUT_RETURN_TYPE = YES_ERROR;
				GCC_WARN_UNDECLARED_SELECTOR = YES;
				GCC_WARN_UNINITIALIZED_AUTOS = YES_AGGRESSIVE;
				GCC_WARN_UNUSED_FUNCTION = YES;
				GCC_WARN_UNUSED_VARIABLE = YES;
				IPHONEOS_DEPLOYMENT_TARGET = 15.2;
				MTL_ENABLE_DEBUG_INFO = NO;
				MTL_FAST_MATH = YES;
				SDKROOT = iphoneos;
				SWIFT_COMPILATION_MODE = wholemodule;
				SWIFT_OPTIMIZATION_LEVEL = "-O";
				VALIDATE_PRODUCT = YES;
			};
			name = Release;
		};
		AC32DC9B27E044EC00977F47 /* Debug */ = {
			isa = XCBuildConfiguration;
			baseConfigurationReference = 73FA51C606D4A119A0ADBAAF /* Pods-hyperkycsample.debug.xcconfig */;
			buildSettings = {
				ASSETCATALOG_COMPILER_APPICON_NAME = AppIcon;
				ASSETCATALOG_COMPILER_GLOBAL_ACCENT_COLOR_NAME = AccentColor;
				CODE_SIGN_STYLE = Automatic;
				CURRENT_PROJECT_VERSION = 1;
				DEVELOPMENT_TEAM = 7CEEYYY3J3;
				GENERATE_INFOPLIST_FILE = YES;
				INFOPLIST_FILE = hyperkycsample/Info.plist;
				INFOPLIST_KEY_UIApplicationSupportsIndirectInputEvents = YES;
				INFOPLIST_KEY_UILaunchStoryboardName = LaunchScreen;
				INFOPLIST_KEY_UIMainStoryboardFile = Main;
				INFOPLIST_KEY_UISupportedInterfaceOrientations_iPad = "UIInterfaceOrientationPortrait UIInterfaceOrientationPortraitUpsideDown UIInterfaceOrientationLandscapeLeft UIInterfaceOrientationLandscapeRight";
				INFOPLIST_KEY_UISupportedInterfaceOrientations_iPhone = "UIInterfaceOrientationPortrait UIInterfaceOrientationLandscapeLeft UIInterfaceOrientationLandscapeRight";
				LD_RUNPATH_SEARCH_PATHS = (
					"$(inherited)",
					"@executable_path/Frameworks",
				);
				MARKETING_VERSION = 1.0;
				PRODUCT_BUNDLE_IDENTIFIER = co.hyperverge.ios.hyperkycsample;
				PRODUCT_NAME = "$(TARGET_NAME)";
				SWIFT_EMIT_LOC_STRINGS = YES;
				SWIFT_VERSION = 5.0;
				TARGETED_DEVICE_FAMILY = "1,2";
			};
			name = Debug;
		};
		AC32DC9C27E044EC00977F47 /* Release */ = {
			isa = XCBuildConfiguration;
			baseConfigurationReference = 7AE9E66BECF37F3A9A98608A /* Pods-hyperkycsample.release.xcconfig */;
			buildSettings = {
				ASSETCATALOG_COMPILER_APPICON_NAME = AppIcon;
				ASSETCATALOG_COMPILER_GLOBAL_ACCENT_COLOR_NAME = AccentColor;
				CODE_SIGN_STYLE = Automatic;
				CURRENT_PROJECT_VERSION = 1;
				DEVELOPMENT_TEAM = 7CEEYYY3J3;
				GENERATE_INFOPLIST_FILE = YES;
				INFOPLIST_FILE = hyperkycsample/Info.plist;
				INFOPLIST_KEY_UIApplicationSupportsIndirectInputEvents = YES;
				INFOPLIST_KEY_UILaunchStoryboardName = LaunchScreen;
				INFOPLIST_KEY_UIMainStoryboardFile = Main;
				INFOPLIST_KEY_UISupportedInterfaceOrientations_iPad = "UIInterfaceOrientationPortrait UIInterfaceOrientationPortraitUpsideDown UIInterfaceOrientationLandscapeLeft UIInterfaceOrientationLandscapeRight";
				INFOPLIST_KEY_UISupportedInterfaceOrientations_iPhone = "UIInterfaceOrientationPortrait UIInterfaceOrientationLandscapeLeft UIInterfaceOrientationLandscapeRight";
				LD_RUNPATH_SEARCH_PATHS = (
					"$(inherited)",
					"@executable_path/Frameworks",
				);
				MARKETING_VERSION = 1.0;
				PRODUCT_BUNDLE_IDENTIFIER = co.hyperverge.ios.hyperkycsample;
				PRODUCT_NAME = "$(TARGET_NAME)";
				SWIFT_EMIT_LOC_STRINGS = YES;
				SWIFT_VERSION = 5.0;
				TARGETED_DEVICE_FAMILY = "1,2";
			};
			name = Release;
		};
/* End XCBuildConfiguration section */

/* Begin XCConfigurationList section */
		AC32DC8127E044EB00977F47 /* Build configuration list for PBXProject "hyperkycsample" */ = {
			isa = XCConfigurationList;
			buildConfigurations = (
				AC32DC9827E044EC00977F47 /* Debug */,
				AC32DC9927E044EC00977F47 /* Release */,
			);
			defaultConfigurationIsVisible = 0;
			defaultConfigurationName = Release;
		};
		AC32DC9A27E044EC00977F47 /* Build configuration list for PBXNativeTarget "hyperkycsample" */ = {
			isa = XCConfigurationList;
			buildConfigurations = (
				AC32DC9B27E044EC00977F47 /* Debug */,
				AC32DC9C27E044EC00977F47 /* Release */,
			);
			defaultConfigurationIsVisible = 0;
			defaultConfigurationName = Release;
		};
/* End XCConfigurationList section */
	};
	rootObject = AC32DC7E27E044EB00977F47 /* Project object */;
}
